{
  "name": "Yogshalaa",
  "lockfileVersion": 3,
  "requires": true,
  "packages": {
    "": {
      "dependencies": {
        "intl-tel-input": "^18.1.6"
      }
    },
    "node_modules/intl-tel-input": {
      "version": "18.1.6",
      "resolved": "https://registry.npmjs.org/intl-tel-input/-/intl-tel-input-18.1.6.tgz",
      "integrity": "sha512-5sxnAYkvqP6rArU8z5mNs3gsr+JuYneABK3wgl4Hwe7l6Bj0S2Fxh9OlVzZtNqoE1eXLVKbZHcAmUGaLbN2PMQ=="
    }
  }
}
